
Microsoft Visual Studio Solution File, Format Version 12.00
# Visual Studio 15
VisualStudioVersion = 15.0.28010.2046
MinimumVisualStudioVersion = 10.0.40219.1
Project("{FAE04EC0-301F-11D3-BF4B-00C04F79EFBC}") = "LudumGL", "LudumGL\LudumGL.csproj", "{A6FB47CC-6F45-4BE5-AC1A-DBB607F02106}"
EndProject
Project("{FAE04EC0-301F-11D3-BF4B-00C04F79EFBC}") = "TestGame", "TestGame\TestGame.csproj", "{89FE3EED-111C-4086-A957-42CE1FD3EA1A}"
EndProject
Project("{FAE04EC0-301F-11D3-BF4B-00C04F79EFBC}") = "LevelEditor", "LevelEditor\LevelEditor.csproj", "{0B7DDAFD-ED5E-4CDC-ABC0-00F3508AD5D9}"
EndProject
Global
	GlobalSection(SolutionConfigurationPlatforms) = preSolution
		Debug|Any CPU = Debug|Any CPU
		Debug|x64 = Debug|x64
		Release|Any CPU = Release|Any CPU
		Release|x64 = Release|x64
	EndGlobalSection
	GlobalSection(ProjectConfigurationPlatforms) = postSolution
		{A6FB47CC-6F45-4BE5-AC1A-DBB607F02106}.Debug|Any CPU.ActiveCfg = Debug|Any CPU
		{A6FB47CC-6F45-4BE5-AC1A-DBB607F02106}.Debug|Any CPU.Build.0 = Debug|Any CPU
		{A6FB47CC-6F45-4BE5-AC1A-DBB607F02106}.Debug|x64.ActiveCfg = Debug|x64
		{A6FB47CC-6F45-4BE5-AC1A-DBB607F02106}.Debug|x64.Build.0 = Debug|x64
		{A6FB47CC-6F45-4BE5-AC1A-DBB607F02106}.Release|Any CPU.ActiveCfg = Release|Any CPU
		{A6FB47CC-6F45-4BE5-AC1A-DBB607F02106}.Release|Any CPU.Build.0 = Release|Any CPU
		{A6FB47CC-6F45-4BE5-AC1A-DBB607F02106}.Release|x64.ActiveCfg = Release|x64
		{A6FB47CC-6F45-4BE5-AC1A-DBB607F02106}.Release|x64.Build.0 = Release|x64
		{89FE3EED-111C-4086-A957-42CE1FD3EA1A}.Debug|Any CPU.ActiveCfg = Debug|Any CPU
		{89FE3EED-111C-4086-A957-42CE1FD3EA1A}.Debug|Any CPU.Build.0 = Debug|Any CPU
		{89FE3EED-111C-4086-A957-42CE1FD3EA1A}.Debug|x64.ActiveCfg = Debug|x64
		{89FE3EED-111C-4086-A957-42CE1FD3EA1A}.Debug|x64.Build.0 = Debug|x64
		{89FE3EED-111C-4086-A957-42CE1FD3EA1A}.Release|Any CPU.ActiveCfg = Release|Any CPU
		{89FE3EED-111C-4086-A957-42CE1FD3EA1A}.Release|Any CPU.Build.0 = Release|Any CPU
		{89FE3EED-111C-4086-A957-42CE1FD3EA1A}.Release|x64.ActiveCfg = Release|x64
		{89FE3EED-111C-4086-A957-42CE1FD3EA1A}.Release|x64.Build.0 = Release|x64
		{0B7DDAFD-ED5E-4CDC-ABC0-00F3508AD5D9}.Debug|Any CPU.ActiveCfg = Debug|Any CPU
		{0B7DDAFD-ED5E-4CDC-ABC0-00F3508AD5D9}.Debug|Any CPU.Build.0 = Debug|Any CPU
		{0B7DDAFD-ED5E-4CDC-ABC0-00F3508AD5D9}.Debug|x64.ActiveCfg = Debug|x64
		{0B7DDAFD-ED5E-4CDC-ABC0-00F3508AD5D9}.Debug|x64.Build.0 = Debug|x64
		{0B7DDAFD-ED5E-4CDC-ABC0-00F3508AD5D9}.Release|Any CPU.ActiveCfg = Release|Any CPU
		{0B7DDAFD-ED5E-4CDC-ABC0-00F3508AD5D9}.Release|Any CPU.Build.0 = Release|Any CPU
		{0B7DDAFD-ED5E-4CDC-ABC0-00F3508AD5D9}.Release|x64.ActiveCfg = Release|Any CPU
		{0B7DDAFD-ED5E-4CDC-ABC0-00F3508AD5D9}.Release|x64.Build.0 = Release|Any CPU
	EndGlobalSection
	GlobalSection(SolutionProperties) = preSolution
		HideSolutionNode = FALSE
	EndGlobalSection
	GlobalSection(ExtensibilityGlobals) = postSolution
		SolutionGuid = {B415CC28-815A-447B-9EA6-1D1743F312B8}
	EndGlobalSection
EndGlobal
